// !$*UTF8*$!
{
	archiveVersion = 1;
	classes = {
	};
	objectVersion = 51;
	objects = {

/* Begin PBXBuildFile section */
		1EF4BBAF8E1314AD1B103805 /* Pods_BarHop.framework in Frameworks */ = {isa = PBXBuildFile; fileRef = 6454501B7B68AEF7AE8CD7B8 /* Pods_BarHop.framework */; };
		388839B0F42A3C1C5E694C2D /* Pods_BarHopTests.framework in Frameworks */ = {isa = PBXBuildFile; fileRef = C5D202D4ED592C981B7CDAA5 /* Pods_BarHopTests.framework */; };
		A1893E192280DE5D008473C7 /* MapSearchVC.swift in Sources */ = {isa = PBXBuildFile; fileRef = A1893E182280DE5D008473C7 /* MapSearchVC.swift */; };
		A1A642FE22AC8EC30004F0B0 /* PayViewController.swift in Sources */ = {isa = PBXBuildFile; fileRef = A1A642FD22AC8EC30004F0B0 /* PayViewController.swift */; };
		A1CE3F6E22ADCDE2007268EA /* Screen Shot 2018-12-27 at 5.00.02 PM.png in Resources */ = {isa = PBXBuildFile; fileRef = A1CE3F6922ADCDE2007268EA /* Screen Shot 2018-12-27 at 5.00.02 PM.png */; };
		A1CE3F6F22ADCDE2007268EA /* Screen Shot 2018-12-27 at 4.56.00 PM.png in Resources */ = {isa = PBXBuildFile; fileRef = A1CE3F6A22ADCDE2007268EA /* Screen Shot 2018-12-27 at 4.56.00 PM.png */; };
		A1CE3F7022ADCDE2007268EA /* Screen Shot 2018-12-27 at 4.38.47 PM.png in Resources */ = {isa = PBXBuildFile; fileRef = A1CE3F6B22ADCDE2007268EA /* Screen Shot 2018-12-27 at 4.38.47 PM.png */; };
		A1CE3F7122ADCDE2007268EA /* beer-2424943_960_720.png in Resources */ = {isa = PBXBuildFile; fileRef = A1CE3F6C22ADCDE2007268EA /* beer-2424943_960_720.png */; };
		A1CE3F7222ADCDE2007268EA /* Screen Shot 2018-12-27 at 5.02.26 PM.png in Resources */ = {isa = PBXBuildFile; fileRef = A1CE3F6D22ADCDE2007268EA /* Screen Shot 2018-12-27 at 5.02.26 PM.png */; };
		A1CE3F7422ADF124007268EA /* logopng.pdf in Resources */ = {isa = PBXBuildFile; fileRef = A1CE3F7322ADF124007268EA /* logopng.pdf */; };
		A1CE3F7622ADF190007268EA /* logo.png in Resources */ = {isa = PBXBuildFile; fileRef = A1CE3F7522ADF190007268EA /* logo.png */; };
		A1D96B362314CCAB00D00FBC /* RegisterVC.swift in Sources */ = {isa = PBXBuildFile; fileRef = A1D96B352314CCAB00D00FBC /* RegisterVC.swift */; };
		D2F8EF42B222F0757748BFA8 /* Pods_BarHopUITests.framework in Frameworks */ = {isa = PBXBuildFile; fileRef = 4EED81701FD3D85B34B8A5EE /* Pods_BarHopUITests.framework */; };
		D31F281F22EA77C8007B9F27 /* ActivePassTableViewCell.swift in Sources */ = {isa = PBXBuildFile; fileRef = D31F281E22EA77C8007B9F27 /* ActivePassTableViewCell.swift */; };
		D31F282322F11E22007B9F27 /* ActivePassesViewController.swift in Sources */ = {isa = PBXBuildFile; fileRef = D31F282222F11E22007B9F27 /* ActivePassesViewController.swift */; };
		D334D11321DEAA5600A3046B /* Customer.swift in Sources */ = {isa = PBXBuildFile; fileRef = D334D11221DEAA5600A3046B /* Customer.swift */; };
		D334D11721E3C59800A3046B /* Bars.swift in Sources */ = {isa = PBXBuildFile; fileRef = D334D11621E3C59800A3046B /* Bars.swift */; };
		D3DDFAD121D0818F0071B437 /* AppDelegate.swift in Sources */ = {isa = PBXBuildFile; fileRef = D3DDFAD021D0818F0071B437 /* AppDelegate.swift */; };
		D3DDFAD621D0818F0071B437 /* Main.storyboard in Resources */ = {isa = PBXBuildFile; fileRef = D3DDFAD421D0818F0071B437 /* Main.storyboard */; };
		D3DDFAD821D081910071B437 /* Assets.xcassets in Resources */ = {isa = PBXBuildFile; fileRef = D3DDFAD721D081910071B437 /* Assets.xcassets */; };
		D3DDFADB21D081910071B437 /* LaunchScreen.storyboard in Resources */ = {isa = PBXBuildFile; fileRef = D3DDFAD921D081910071B437 /* LaunchScreen.storyboard */; };
		D3DDFAE621D081910071B437 /* BarHopTests.swift in Sources */ = {isa = PBXBuildFile; fileRef = D3DDFAE521D081910071B437 /* BarHopTests.swift */; };
		D3DDFAF121D081910071B437 /* BarHopUITests.swift in Sources */ = {isa = PBXBuildFile; fileRef = D3DDFAF021D081910071B437 /* BarHopUITests.swift */; };
		D3DDFAFF21D0823F0071B437 /* awsconfiguration.json in Resources */ = {isa = PBXBuildFile; fileRef = D3DDFAFE21D0823F0071B437 /* awsconfiguration.json */; };
/* End PBXBuildFile section */

/* Begin PBXContainerItemProxy section */
		D3DDFAE221D081910071B437 /* PBXContainerItemProxy */ = {
			isa = PBXContainerItemProxy;
			containerPortal = D3DDFAC521D0818F0071B437 /* Project object */;
			proxyType = 1;
			remoteGlobalIDString = D3DDFACC21D0818F0071B437;
			remoteInfo = BarHop;
		};
		D3DDFAED21D081910071B437 /* PBXContainerItemProxy */ = {
			isa = PBXContainerItemProxy;
			containerPortal = D3DDFAC521D0818F0071B437 /* Project object */;
			proxyType = 1;
			remoteGlobalIDString = D3DDFACC21D0818F0071B437;
			remoteInfo = BarHop;
		};
/* End PBXContainerItemProxy section */

/* Begin PBXFileReference section */
		4EED81701FD3D85B34B8A5EE /* Pods_BarHopUITests.framework */ = {isa = PBXFileReference; explicitFileType = wrapper.framework; includeInIndex = 0; path = Pods_BarHopUITests.framework; sourceTree = BUILT_PRODUCTS_DIR; };
		6454501B7B68AEF7AE8CD7B8 /* Pods_BarHop.framework */ = {isa = PBXFileReference; explicitFileType = wrapper.framework; includeInIndex = 0; path = Pods_BarHop.framework; sourceTree = BUILT_PRODUCTS_DIR; };
		83E6392AB7F36F4E69E100AA /* Pods-BarHop.debug.xcconfig */ = {isa = PBXFileReference; includeInIndex = 1; lastKnownFileType = text.xcconfig; name = "Pods-BarHop.debug.xcconfig"; path = "Pods/Target Support Files/Pods-BarHop/Pods-BarHop.debug.xcconfig"; sourceTree = "<group>"; };
		A1893E182280DE5D008473C7 /* MapSearchVC.swift */ = {isa = PBXFileReference; lastKnownFileType = sourcecode.swift; path = MapSearchVC.swift; sourceTree = "<group>"; };
		A1A642FD22AC8EC30004F0B0 /* PayViewController.swift */ = {isa = PBXFileReference; lastKnownFileType = sourcecode.swift; path = PayViewController.swift; sourceTree = "<group>"; };
		A1CE3F6922ADCDE2007268EA /* Screen Shot 2018-12-27 at 5.00.02 PM.png */ = {isa = PBXFileReference; lastKnownFileType = image.png; path = "Screen Shot 2018-12-27 at 5.00.02 PM.png"; sourceTree = "<group>"; };
		A1CE3F6A22ADCDE2007268EA /* Screen Shot 2018-12-27 at 4.56.00 PM.png */ = {isa = PBXFileReference; lastKnownFileType = image.png; path = "Screen Shot 2018-12-27 at 4.56.00 PM.png"; sourceTree = "<group>"; };
		A1CE3F6B22ADCDE2007268EA /* Screen Shot 2018-12-27 at 4.38.47 PM.png */ = {isa = PBXFileReference; lastKnownFileType = image.png; path = "Screen Shot 2018-12-27 at 4.38.47 PM.png"; sourceTree = "<group>"; };
		A1CE3F6C22ADCDE2007268EA /* beer-2424943_960_720.png */ = {isa = PBXFileReference; lastKnownFileType = image.png; path = "beer-2424943_960_720.png"; sourceTree = "<group>"; };
		A1CE3F6D22ADCDE2007268EA /* Screen Shot 2018-12-27 at 5.02.26 PM.png */ = {isa = PBXFileReference; lastKnownFileType = image.png; path = "Screen Shot 2018-12-27 at 5.02.26 PM.png"; sourceTree = "<group>"; };
		A1CE3F7322ADF124007268EA /* logopng.pdf */ = {isa = PBXFileReference; lastKnownFileType = image.pdf; path = logopng.pdf; sourceTree = "<group>"; };
		A1CE3F7522ADF190007268EA /* logo.png */ = {isa = PBXFileReference; lastKnownFileType = image.png; path = logo.png; sourceTree = "<group>"; };
		A1D96B352314CCAB00D00FBC /* RegisterVC.swift */ = {isa = PBXFileReference; lastKnownFileType = sourcecode.swift; path = RegisterVC.swift; sourceTree = "<group>"; };
		BA278A557AA837A2F0DC83C3 /* Pods-BarHopUITests.release.xcconfig */ = {isa = PBXFileReference; includeInIndex = 1; lastKnownFileType = text.xcconfig; name = "Pods-BarHopUITests.release.xcconfig"; path = "Pods/Target Support Files/Pods-BarHopUITests/Pods-BarHopUITests.release.xcconfig"; sourceTree = "<group>"; };
		BACC7E0B876795EF4FEF91B3 /* Pods-BarHopUITests.debug.xcconfig */ = {isa = PBXFileReference; includeInIndex = 1; lastKnownFileType = text.xcconfig; name = "Pods-BarHopUITests.debug.xcconfig"; path = "Pods/Target Support Files/Pods-BarHopUITests/Pods-BarHopUITests.debug.xcconfig"; sourceTree = "<group>"; };
		C5D202D4ED592C981B7CDAA5 /* Pods_BarHopTests.framework */ = {isa = PBXFileReference; explicitFileType = wrapper.framework; includeInIndex = 0; path = Pods_BarHopTests.framework; sourceTree = BUILT_PRODUCTS_DIR; };
		C67E0742891493879B60DACB /* Pods-BarHopTests.debug.xcconfig */ = {isa = PBXFileReference; includeInIndex = 1; lastKnownFileType = text.xcconfig; name = "Pods-BarHopTests.debug.xcconfig"; path = "Pods/Target Support Files/Pods-BarHopTests/Pods-BarHopTests.debug.xcconfig"; sourceTree = "<group>"; };
		CE04E9D2B68AE6C9FAA3D31A /* Pods-BarHop.release.xcconfig */ = {isa = PBXFileReference; includeInIndex = 1; lastKnownFileType = text.xcconfig; name = "Pods-BarHop.release.xcconfig"; path = "Pods/Target Support Files/Pods-BarHop/Pods-BarHop.release.xcconfig"; sourceTree = "<group>"; };
		D31F281E22EA77C8007B9F27 /* ActivePassTableViewCell.swift */ = {isa = PBXFileReference; lastKnownFileType = sourcecode.swift; path = ActivePassTableViewCell.swift; sourceTree = "<group>"; };
		D31F282222F11E22007B9F27 /* ActivePassesViewController.swift */ = {isa = PBXFileReference; lastKnownFileType = sourcecode.swift; path = ActivePassesViewController.swift; sourceTree = "<group>"; };
		D334D11221DEAA5600A3046B /* Customer.swift */ = {isa = PBXFileReference; fileEncoding = 4; lastKnownFileType = sourcecode.swift; path = Customer.swift; sourceTree = "<group>"; };
		D334D11621E3C59800A3046B /* Bars.swift */ = {isa = PBXFileReference; fileEncoding = 4; lastKnownFileType = sourcecode.swift; path = Bars.swift; sourceTree = "<group>"; };
		D3DDFACD21D0818F0071B437 /* BarHop.app */ = {isa = PBXFileReference; explicitFileType = wrapper.application; includeInIndex = 0; path = BarHop.app; sourceTree = BUILT_PRODUCTS_DIR; };
		D3DDFAD021D0818F0071B437 /* AppDelegate.swift */ = {isa = PBXFileReference; lastKnownFileType = sourcecode.swift; path = AppDelegate.swift; sourceTree = "<group>"; };
		D3DDFAD521D0818F0071B437 /* Base */ = {isa = PBXFileReference; lastKnownFileType = file.storyboard; name = Base; path = Base.lproj/Main.storyboard; sourceTree = "<group>"; };
		D3DDFAD721D081910071B437 /* Assets.xcassets */ = {isa = PBXFileReference; lastKnownFileType = folder.assetcatalog; path = Assets.xcassets; sourceTree = "<group>"; };
		D3DDFADA21D081910071B437 /* Base */ = {isa = PBXFileReference; lastKnownFileType = file.storyboard; name = Base; path = Base.lproj/LaunchScreen.storyboard; sourceTree = "<group>"; };
		D3DDFADC21D081910071B437 /* Info.plist */ = {isa = PBXFileReference; lastKnownFileType = text.plist.xml; path = Info.plist; sourceTree = "<group>"; };
		D3DDFAE121D081910071B437 /* BarHopTests.xctest */ = {isa = PBXFileReference; explicitFileType = wrapper.cfbundle; includeInIndex = 0; path = BarHopTests.xctest; sourceTree = BUILT_PRODUCTS_DIR; };
		D3DDFAE521D081910071B437 /* BarHopTests.swift */ = {isa = PBXFileReference; lastKnownFileType = sourcecode.swift; path = BarHopTests.swift; sourceTree = "<group>"; };
		D3DDFAE721D081910071B437 /* Info.plist */ = {isa = PBXFileReference; lastKnownFileType = text.plist.xml; path = Info.plist; sourceTree = "<group>"; };
		D3DDFAEC21D081910071B437 /* BarHopUITests.xctest */ = {isa = PBXFileReference; explicitFileType = wrapper.cfbundle; includeInIndex = 0; path = BarHopUITests.xctest; sourceTree = BUILT_PRODUCTS_DIR; };
		D3DDFAF021D081910071B437 /* BarHopUITests.swift */ = {isa = PBXFileReference; lastKnownFileType = sourcecode.swift; path = BarHopUITests.swift; sourceTree = "<group>"; };
		D3DDFAF221D081910071B437 /* Info.plist */ = {isa = PBXFileReference; lastKnownFileType = text.plist.xml; path = Info.plist; sourceTree = "<group>"; };
		D3DDFAFE21D0823F0071B437 /* awsconfiguration.json */ = {isa = PBXFileReference; fileEncoding = 4; lastKnownFileType = text.json; path = awsconfiguration.json; sourceTree = "<group>"; };
		DF2BE2DC489633825EDDF698 /* Pods-BarHopTests.release.xcconfig */ = {isa = PBXFileReference; includeInIndex = 1; lastKnownFileType = text.xcconfig; name = "Pods-BarHopTests.release.xcconfig"; path = "Pods/Target Support Files/Pods-BarHopTests/Pods-BarHopTests.release.xcconfig"; sourceTree = "<group>"; };
/* End PBXFileReference section */

/* Begin PBXFrameworksBuildPhase section */
		D3DDFACA21D0818F0071B437 /* Frameworks */ = {
			isa = PBXFrameworksBuildPhase;
			buildActionMask = 2147483647;
			files = (
				1EF4BBAF8E1314AD1B103805 /* Pods_BarHop.framework in Frameworks */,
			);
			runOnlyForDeploymentPostprocessing = 0;
		};
		D3DDFADE21D081910071B437 /* Frameworks */ = {
			isa = PBXFrameworksBuildPhase;
			buildActionMask = 2147483647;
			files = (
				388839B0F42A3C1C5E694C2D /* Pods_BarHopTests.framework in Frameworks */,
			);
			runOnlyForDeploymentPostprocessing = 0;
		};
		D3DDFAE921D081910071B437 /* Frameworks */ = {
			isa = PBXFrameworksBuildPhase;
			buildActionMask = 2147483647;
			files = (
				D2F8EF42B222F0757748BFA8 /* Pods_BarHopUITests.framework in Frameworks */,
			);
			runOnlyForDeploymentPostprocessing = 0;
		};
/* End PBXFrameworksBuildPhase section */

/* Begin PBXGroup section */
		275891B4B01C6954773632F1 /* Frameworks */ = {
			isa = PBXGroup;
			children = (
				6454501B7B68AEF7AE8CD7B8 /* Pods_BarHop.framework */,
				C5D202D4ED592C981B7CDAA5 /* Pods_BarHopTests.framework */,
				4EED81701FD3D85B34B8A5EE /* Pods_BarHopUITests.framework */,
			);
			name = Frameworks;
			sourceTree = "<group>";
		};
		A1CE3F6822ADCDE2007268EA /* logo */ = {
			isa = PBXGroup;
			children = (
				A1CE3F7522ADF190007268EA /* logo.png */,
				A1CE3F7322ADF124007268EA /* logopng.pdf */,
				A1CE3F6922ADCDE2007268EA /* Screen Shot 2018-12-27 at 5.00.02 PM.png */,
				A1CE3F6A22ADCDE2007268EA /* Screen Shot 2018-12-27 at 4.56.00 PM.png */,
				A1CE3F6B22ADCDE2007268EA /* Screen Shot 2018-12-27 at 4.38.47 PM.png */,
				A1CE3F6C22ADCDE2007268EA /* beer-2424943_960_720.png */,
				A1CE3F6D22ADCDE2007268EA /* Screen Shot 2018-12-27 at 5.02.26 PM.png */,
			);
			path = logo;
			sourceTree = "<group>";
		};
		AE9C8EF43BC3952CE3356A44 /* Pods */ = {
			isa = PBXGroup;
			children = (
				83E6392AB7F36F4E69E100AA /* Pods-BarHop.debug.xcconfig */,
				CE04E9D2B68AE6C9FAA3D31A /* Pods-BarHop.release.xcconfig */,
				C67E0742891493879B60DACB /* Pods-BarHopTests.debug.xcconfig */,
				DF2BE2DC489633825EDDF698 /* Pods-BarHopTests.release.xcconfig */,
				BACC7E0B876795EF4FEF91B3 /* Pods-BarHopUITests.debug.xcconfig */,
				BA278A557AA837A2F0DC83C3 /* Pods-BarHopUITests.release.xcconfig */,
			);
			name = Pods;
			sourceTree = "<group>";
		};
		D3DDFAC421D0818F0071B437 = {
			isa = PBXGroup;
			children = (
				D3DDFACF21D0818F0071B437 /* BarHop */,
				D3DDFAE421D081910071B437 /* BarHopTests */,
				D3DDFAEF21D081910071B437 /* BarHopUITests */,
				D3DDFACE21D0818F0071B437 /* Products */,
				AE9C8EF43BC3952CE3356A44 /* Pods */,
				A1CE3F6822ADCDE2007268EA /* logo */,
				275891B4B01C6954773632F1 /* Frameworks */,
			);
			sourceTree = "<group>";
		};
		D3DDFACE21D0818F0071B437 /* Products */ = {
			isa = PBXGroup;
			children = (
				D3DDFACD21D0818F0071B437 /* BarHop.app */,
				D3DDFAE121D081910071B437 /* BarHopTests.xctest */,
				D3DDFAEC21D081910071B437 /* BarHopUITests.xctest */,
			);
			name = Products;
			sourceTree = "<group>";
		};
		D3DDFACF21D0818F0071B437 /* BarHop */ = {
			isa = PBXGroup;
			children = (
				D31F282222F11E22007B9F27 /* ActivePassesViewController.swift */,
				D31F281E22EA77C8007B9F27 /* ActivePassTableViewCell.swift */,
				D3DDFAD021D0818F0071B437 /* AppDelegate.swift */,
				D3DDFAD721D081910071B437 /* Assets.xcassets */,
				D3DDFAFE21D0823F0071B437 /* awsconfiguration.json */,
				D334D11621E3C59800A3046B /* Bars.swift */,
				D334D11221DEAA5600A3046B /* Customer.swift */,
				D3DDFADC21D081910071B437 /* Info.plist */,
				D3DDFAD921D081910071B437 /* LaunchScreen.storyboard */,
				D3DDFAD421D0818F0071B437 /* Main.storyboard */,
				A1893E182280DE5D008473C7 /* MapSearchVC.swift */,
				A1A642FD22AC8EC30004F0B0 /* PayViewController.swift */,
				A1D96B352314CCAB00D00FBC /* RegisterVC.swift */,
			);
			path = BarHop;
			sourceTree = "<group>";
		};
		D3DDFAE421D081910071B437 /* BarHopTests */ = {
			isa = PBXGroup;
			children = (
				D3DDFAE521D081910071B437 /* BarHopTests.swift */,
				D3DDFAE721D081910071B437 /* Info.plist */,
			);
			path = BarHopTests;
			sourceTree = "<group>";
		};
		D3DDFAEF21D081910071B437 /* BarHopUITests */ = {
			isa = PBXGroup;
			children = (
				D3DDFAF021D081910071B437 /* BarHopUITests.swift */,
				D3DDFAF221D081910071B437 /* Info.plist */,
			);
			path = BarHopUITests;
			sourceTree = "<group>";
		};
/* End PBXGroup section */

/* Begin PBXNativeTarget section */
		D3DDFACC21D0818F0071B437 /* BarHop */ = {
			isa = PBXNativeTarget;
			buildConfigurationList = D3DDFAF521D081910071B437 /* Build configuration list for PBXNativeTarget "BarHop" */;
			buildPhases = (
				D8113828596ED7A1EE2BF129 /* [CP] Check Pods Manifest.lock */,
				D3DDFAC921D0818F0071B437 /* Sources */,
				D3DDFACA21D0818F0071B437 /* Frameworks */,
				D3DDFACB21D0818F0071B437 /* Resources */,
				71600C40C99005266A126866 /* [CP] Embed Pods Frameworks */,
			);
			buildRules = (
			);
			dependencies = (
			);
			name = BarHop;
			productName = BarHop;
			productReference = D3DDFACD21D0818F0071B437 /* BarHop.app */;
			productType = "com.apple.product-type.application";
		};
		D3DDFAE021D081910071B437 /* BarHopTests */ = {
			isa = PBXNativeTarget;
			buildConfigurationList = D3DDFAF821D081910071B437 /* Build configuration list for PBXNativeTarget "BarHopTests" */;
			buildPhases = (
				B7EBC79D90C3CF9A1F073570 /* [CP] Check Pods Manifest.lock */,
				D3DDFADD21D081910071B437 /* Sources */,
				D3DDFADE21D081910071B437 /* Frameworks */,
				D3DDFADF21D081910071B437 /* Resources */,
			);
			buildRules = (
			);
			dependencies = (
				D3DDFAE321D081910071B437 /* PBXTargetDependency */,
			);
			name = BarHopTests;
			productName = BarHopTests;
			productReference = D3DDFAE121D081910071B437 /* BarHopTests.xctest */;
			productType = "com.apple.product-type.bundle.unit-test";
		};
		D3DDFAEB21D081910071B437 /* BarHopUITests */ = {
			isa = PBXNativeTarget;
			buildConfigurationList = D3DDFAFB21D081910071B437 /* Build configuration list for PBXNativeTarget "BarHopUITests" */;
			buildPhases = (
				8C3C9BD3005BEF637393A2C1 /* [CP] Check Pods Manifest.lock */,
				D3DDFAE821D081910071B437 /* Sources */,
				D3DDFAE921D081910071B437 /* Frameworks */,
				D3DDFAEA21D081910071B437 /* Resources */,
			);
			buildRules = (
			);
			dependencies = (
				D3DDFAEE21D081910071B437 /* PBXTargetDependency */,
			);
			name = BarHopUITests;
			productName = BarHopUITests;
			productReference = D3DDFAEC21D081910071B437 /* BarHopUITests.xctest */;
			productType = "com.apple.product-type.bundle.ui-testing";
		};
/* End PBXNativeTarget section */

/* Begin PBXProject section */
		D3DDFAC521D0818F0071B437 /* Project object */ = {
			isa = PBXProject;
			attributes = {
				LastSwiftUpdateCheck = 1010;
				LastUpgradeCheck = 1010;
				ORGANIZATIONNAME = "Scott Macpherson";
				TargetAttributes = {
					D3DDFACC21D0818F0071B437 = {
						CreatedOnToolsVersion = 10.1;
						LastSwiftMigration = 1020;
					};
					D3DDFAE021D081910071B437 = {
						CreatedOnToolsVersion = 10.1;
						LastSwiftMigration = 1020;
						TestTargetID = D3DDFACC21D0818F0071B437;
					};
					D3DDFAEB21D081910071B437 = {
						CreatedOnToolsVersion = 10.1;
						LastSwiftMigration = 1020;
						TestTargetID = D3DDFACC21D0818F0071B437;
					};
				};
			};
			buildConfigurationList = D3DDFAC821D0818F0071B437 /* Build configuration list for PBXProject "BarHop" */;
			compatibilityVersion = "Xcode 9.3";
			developmentRegion = en;
			hasScannedForEncodings = 0;
			knownRegions = (
				en,
				Base,
			);
			mainGroup = D3DDFAC421D0818F0071B437;
			productRefGroup = D3DDFACE21D0818F0071B437 /* Products */;
			projectDirPath = "";
			projectRoot = "";
			targets = (
				D3DDFACC21D0818F0071B437 /* BarHop */,
				D3DDFAE021D081910071B437 /* BarHopTests */,
				D3DDFAEB21D081910071B437 /* BarHopUITests */,
			);
		};
/* End PBXProject section */

/* Begin PBXResourcesBuildPhase section */
		D3DDFACB21D0818F0071B437 /* Resources */ = {
			isa = PBXResourcesBuildPhase;
			buildActionMask = 2147483647;
			files = (
				A1CE3F7122ADCDE2007268EA /* beer-2424943_960_720.png in Resources */,
				A1CE3F6E22ADCDE2007268EA /* Screen Shot 2018-12-27 at 5.00.02 PM.png in Resources */,
				A1CE3F7422ADF124007268EA /* logopng.pdf in Resources */,
				A1CE3F7222ADCDE2007268EA /* Screen Shot 2018-12-27 at 5.02.26 PM.png in Resources */,
				A1CE3F7022ADCDE2007268EA /* Screen Shot 2018-12-27 at 4.38.47 PM.png in Resources */,
				D3DDFAFF21D0823F0071B437 /* awsconfiguration.json in Resources */,
				D3DDFADB21D081910071B437 /* LaunchScreen.storyboard in Resources */,
				A1CE3F7622ADF190007268EA /* logo.png in Resources */,
				D3DDFAD821D081910071B437 /* Assets.xcassets in Resources */,
				A1CE3F6F22ADCDE2007268EA /* Screen Shot 2018-12-27 at 4.56.00 PM.png in Resources */,
				D3DDFAD621D0818F0071B437 /* Main.storyboard in Resources */,
			);
			runOnlyForDeploymentPostprocessing = 0;
		};
		D3DDFADF21D081910071B437 /* Resources */ = {
			isa = PBXResourcesBuildPhase;
			buildActionMask = 2147483647;
			files = (
			);
			runOnlyForDeploymentPostprocessing = 0;
		};
		D3DDFAEA21D081910071B437 /* Resources */ = {
			isa = PBXResourcesBuildPhase;
			buildActionMask = 2147483647;
			files = (
			);
			runOnlyForDeploymentPostprocessing = 0;
		};
/* End PBXResourcesBuildPhase section */

/* Begin PBXShellScriptBuildPhase section */
		71600C40C99005266A126866 /* [CP] Embed Pods Frameworks */ = {
			isa = PBXShellScriptBuildPhase;
			buildActionMask = 2147483647;
			files = (
			);
			inputFileListPaths = (
				"${PODS_ROOT}/Target Support Files/Pods-BarHop/Pods-BarHop-frameworks-${CONFIGURATION}-input-files.xcfilelist",
			);
			name = "[CP] Embed Pods Frameworks";
			outputFileListPaths = (
				"${PODS_ROOT}/Target Support Files/Pods-BarHop/Pods-BarHop-frameworks-${CONFIGURATION}-output-files.xcfilelist",
			);
			runOnlyForDeploymentPostprocessing = 0;
			shellPath = /bin/sh;
			shellScript = "\"${PODS_ROOT}/Target Support Files/Pods-BarHop/Pods-BarHop-frameworks.sh\"\n";
			showEnvVarsInLog = 0;
		};
		8C3C9BD3005BEF637393A2C1 /* [CP] Check Pods Manifest.lock */ = {
			isa = PBXShellScriptBuildPhase;
			buildActionMask = 2147483647;
			files = (
			);
			inputPaths = (
				"${PODS_PODFILE_DIR_PATH}/Podfile.lock",
				"${PODS_ROOT}/Manifest.lock",
			);
			name = "[CP] Check Pods Manifest.lock";
			outputPaths = (
				"$(DERIVED_FILE_DIR)/Pods-BarHopUITests-checkManifestLockResult.txt",
			);
			runOnlyForDeploymentPostprocessing = 0;
			shellPath = /bin/sh;
			shellScript = "diff \"${PODS_PODFILE_DIR_PATH}/Podfile.lock\" \"${PODS_ROOT}/Manifest.lock\" > /dev/null\nif [ $? != 0 ] ; then\n    # print error to STDERR\n    echo \"error: The sandbox is not in sync with the Podfile.lock. Run 'pod install' or update your CocoaPods installation.\" >&2\n    exit 1\nfi\n# This output is used by Xcode 'outputs' to avoid re-running this script phase.\necho \"SUCCESS\" > \"${SCRIPT_OUTPUT_FILE_0}\"\n";
			showEnvVarsInLog = 0;
		};
		B7EBC79D90C3CF9A1F073570 /* [CP] Check Pods Manifest.lock */ = {
			isa = PBXShellScriptBuildPhase;
			buildActionMask = 2147483647;
			files = (
			);
			inputPaths = (
				"${PODS_PODFILE_DIR_PATH}/Podfile.lock",
				"${PODS_ROOT}/Manifest.lock",
			);
			name = "[CP] Check Pods Manifest.lock";
			outputPaths = (
				"$(DERIVED_FILE_DIR)/Pods-BarHopTests-checkManifestLockResult.txt",
			);
			runOnlyForDeploymentPostprocessing = 0;
			shellPath = /bin/sh;
			shellScript = "diff \"${PODS_PODFILE_DIR_PATH}/Podfile.lock\" \"${PODS_ROOT}/Manifest.lock\" > /dev/null\nif [ $? != 0 ] ; then\n    # print error to STDERR\n    echo \"error: The sandbox is not in sync with the Podfile.lock. Run 'pod install' or update your CocoaPods installation.\" >&2\n    exit 1\nfi\n# This output is used by Xcode 'outputs' to avoid re-running this script phase.\necho \"SUCCESS\" > \"${SCRIPT_OUTPUT_FILE_0}\"\n";
			showEnvVarsInLog = 0;
		};
		D8113828596ED7A1EE2BF129 /* [CP] Check Pods Manifest.lock */ = {
			isa = PBXShellScriptBuildPhase;
			buildActionMask = 2147483647;
			files = (
			);
			inputPaths = (
				"${PODS_PODFILE_DIR_PATH}/Podfile.lock",
				"${PODS_ROOT}/Manifest.lock",
			);
			name = "[CP] Check Pods Manifest.lock";
			outputPaths = (
				"$(DERIVED_FILE_DIR)/Pods-BarHop-checkManifestLockResult.txt",
			);
			runOnlyForDeploymentPostprocessing = 0;
			shellPath = /bin/sh;
			shellScript = "diff \"${PODS_PODFILE_DIR_PATH}/Podfile.lock\" \"${PODS_ROOT}/Manifest.lock\" > /dev/null\nif [ $? != 0 ] ; then\n    # print error to STDERR\n    echo \"error: The sandbox is not in sync with the Podfile.lock. Run 'pod install' or update your CocoaPods installation.\" >&2\n    exit 1\nfi\n# This output is used by Xcode 'outputs' to avoid re-running this script phase.\necho \"SUCCESS\" > \"${SCRIPT_OUTPUT_FILE_0}\"\n";
			showEnvVarsInLog = 0;
		};
/* End PBXShellScriptBuildPhase section */

/* Begin PBXSourcesBuildPhase section */
		D3DDFAC921D0818F0071B437 /* Sources */ = {
			isa = PBXSourcesBuildPhase;
			buildActionMask = 2147483647;
			files = (
				A1893E192280DE5D008473C7 /* MapSearchVC.swift in Sources */,
				D31F281F22EA77C8007B9F27 /* ActivePassTableViewCell.swift in Sources */,
				A1A642FE22AC8EC30004F0B0 /* PayViewController.swift in Sources */,
				D31F282322F11E22007B9F27 /* ActivePassesViewController.swift in Sources */,
				D334D11721E3C59800A3046B /* Bars.swift in Sources */,
				A1D96B362314CCAB00D00FBC /* RegisterVC.swift in Sources */,
				D3DDFAD121D0818F0071B437 /* AppDelegate.swift in Sources */,
				D334D11321DEAA5600A3046B /* Customer.swift in Sources */,
			);
			runOnlyForDeploymentPostprocessing = 0;
		};
		D3DDFADD21D081910071B437 /* Sources */ = {
			isa = PBXSourcesBuildPhase;
			buildActionMask = 2147483647;
			files = (
				D3DDFAE621D081910071B437 /* BarHopTests.swift in Sources */,
			);
			runOnlyForDeploymentPostprocessing = 0;
		};
		D3DDFAE821D081910071B437 /* Sources */ = {
			isa = PBXSourcesBuildPhase;
			buildActionMask = 2147483647;
			files = (
				D3DDFAF121D081910071B437 /* BarHopUITests.swift in Sources */,
			);
			runOnlyForDeploymentPostprocessing = 0;
		};
/* End PBXSourcesBuildPhase section */

/* Begin PBXTargetDependency section */
		D3DDFAE321D081910071B437 /* PBXTargetDependency */ = {
			isa = PBXTargetDependency;
			target = D3DDFACC21D0818F0071B437 /* BarHop */;
			targetProxy = D3DDFAE221D081910071B437 /* PBXContainerItemProxy */;
		};
		D3DDFAEE21D081910071B437 /* PBXTargetDependency */ = {
			isa = PBXTargetDependency;
			target = D3DDFACC21D0818F0071B437 /* BarHop */;
			targetProxy = D3DDFAED21D081910071B437 /* PBXContainerItemProxy */;
		};
/* End PBXTargetDependency section */

/* Begin PBXVariantGroup section */
		D3DDFAD421D0818F0071B437 /* Main.storyboard */ = {
			isa = PBXVariantGroup;
			children = (
				D3DDFAD521D0818F0071B437 /* Base */,
			);
			name = Main.storyboard;
			sourceTree = "<group>";
		};
		D3DDFAD921D081910071B437 /* LaunchScreen.storyboard */ = {
			isa = PBXVariantGroup;
			children = (
				D3DDFADA21D081910071B437 /* Base */,
			);
			name = LaunchScreen.storyboard;
			sourceTree = "<group>";
		};
/* End PBXVariantGroup section */

/* Begin XCBuildConfiguration section */
		D3DDFAF321D081910071B437 /* Debug */ = {
			isa = XCBuildConfiguration;
			buildSettings = {
				ALWAYS_SEARCH_USER_PATHS = NO;
				CLANG_ANALYZER_NONNULL = YES;
				CLANG_ANALYZER_NUMBER_OBJECT_CONVERSION = YES_AGGRESSIVE;
				CLANG_CXX_LANGUAGE_STANDARD = "gnu++14";
				CLANG_CXX_LIBRARY = "libc++";
				CLANG_ENABLE_MODULES = YES;
				CLANG_ENABLE_OBJC_ARC = YES;
				CLANG_ENABLE_OBJC_WEAK = YES;
				CLANG_WARN_BLOCK_CAPTURE_AUTORELEASING = YES;
				CLANG_WARN_BOOL_CONVERSION = YES;
				CLANG_WARN_COMMA = YES;
				CLANG_WARN_CONSTANT_CONVERSION = YES;
				CLANG_WARN_DEPRECATED_OBJC_IMPLEMENTATIONS = YES;
				CLANG_WARN_DIRECT_OBJC_ISA_USAGE = YES_ERROR;
				CLANG_WARN_DOCUMENTATION_COMMENTS = YES;
				CLANG_WARN_EMPTY_BODY = YES;
				CLANG_WARN_ENUM_CONVERSION = YES;
				CLANG_WARN_INFINITE_RECURSION = YES;
				CLANG_WARN_INT_CONVERSION = YES;
				CLANG_WARN_NON_LITERAL_NULL_CONVERSION = YES;
				CLANG_WARN_OBJC_IMPLICIT_RETAIN_SELF = YES;
				CLANG_WARN_OBJC_LITERAL_CONVERSION = YES;
				CLANG_WARN_OBJC_ROOT_CLASS = YES_ERROR;
				CLANG_WARN_RANGE_LOOP_ANALYSIS = YES;
				CLANG_WARN_STRICT_PROTOTYPES = YES;
				CLANG_WARN_SUSPICIOUS_MOVE = YES;
				CLANG_WARN_UNGUARDED_AVAILABILITY = YES_AGGRESSIVE;
				CLANG_WARN_UNREACHABLE_CODE = YES;
				CLANG_WARN__DUPLICATE_METHOD_MATCH = YES;
				CODE_SIGN_IDENTITY = "iPhone Developer";
				COPY_PHASE_STRIP = NO;
				DEBUG_INFORMATION_FORMAT = dwarf;
				ENABLE_STRICT_OBJC_MSGSEND = YES;
				ENABLE_TESTABILITY = YES;
				GCC_C_LANGUAGE_STANDARD = gnu11;
				GCC_DYNAMIC_NO_PIC = NO;
				GCC_NO_COMMON_BLOCKS = YES;
				GCC_OPTIMIZATION_LEVEL = 0;
				GCC_PREPROCESSOR_DEFINITIONS = (
					"DEBUG=1",
					"$(inherited)",
				);
				GCC_WARN_64_TO_32_BIT_CONVERSION = YES;
				GCC_WARN_ABOUT_RETURN_TYPE = YES_ERROR;
				GCC_WARN_UNDECLARED_SELECTOR = YES;
				GCC_WARN_UNINITIALIZED_AUTOS = YES_AGGRESSIVE;
				GCC_WARN_UNUSED_FUNCTION = YES;
				GCC_WARN_UNUSED_VARIABLE = YES;
				IPHONEOS_DEPLOYMENT_TARGET = 12.1;
				MTL_ENABLE_DEBUG_INFO = INCLUDE_SOURCE;
				MTL_FAST_MATH = YES;
				ONLY_ACTIVE_ARCH = YES;
				SDKROOT = iphoneos;
				SWIFT_ACTIVE_COMPILATION_CONDITIONS = DEBUG;
				SWIFT_OPTIMIZATION_LEVEL = "-Onone";
				SWIFT_VERSION = 4.2;
			};
			name = Debug;
		};
		D3DDFAF421D081910071B437 /* Release */ = {
			isa = XCBuildConfiguration;
			buildSettings = {
				ALWAYS_SEARCH_USER_PATHS = NO;
				CLANG_ANALYZER_NONNULL = YES;
				CLANG_ANALYZER_NUMBER_OBJECT_CONVERSION = YES_AGGRESSIVE;
				CLANG_CXX_LANGUAGE_STANDARD = "gnu++14";
				CLANG_CXX_LIBRARY = "libc++";
				CLANG_ENABLE_MODULES = YES;
				CLANG_ENABLE_OBJC_ARC = YES;
				CLANG_ENABLE_OBJC_WEAK = YES;
				CLANG_WARN_BLOCK_CAPTURE_AUTORELEASING = YES;
				CLANG_WARN_BOOL_CONVERSION = YES;
				CLANG_WARN_COMMA = YES;
				CLANG_WARN_CONSTANT_CONVERSION = YES;
				CLANG_WARN_DEPRECATED_OBJC_IMPLEMENTATIONS = YES;
				CLANG_WARN_DIRECT_OBJC_ISA_USAGE = YES_ERROR;
				CLANG_WARN_DOCUMENTATION_COMMENTS = YES;
				CLANG_WARN_EMPTY_BODY = YES;
				CLANG_WARN_ENUM_CONVERSION = YES;
				CLANG_WARN_INFINITE_RECURSION = YES;
				CLANG_WARN_INT_CONVERSION = YES;
				CLANG_WARN_NON_LITERAL_NULL_CONVERSION = YES;
				CLANG_WARN_OBJC_IMPLICIT_RETAIN_SELF = YES;
				CLANG_WARN_OBJC_LITERAL_CONVERSION = YES;
				CLANG_WARN_OBJC_ROOT_CLASS = YES_ERROR;
				CLANG_WARN_RANGE_LOOP_ANALYSIS = YES;
				CLANG_WARN_STRICT_PROTOTYPES = YES;
				CLANG_WARN_SUSPICIOUS_MOVE = YES;
				CLANG_WARN_UNGUARDED_AVAILABILITY = YES_AGGRESSIVE;
				CLANG_WARN_UNREACHABLE_CODE = YES;
				CLANG_WARN__DUPLICATE_METHOD_MATCH = YES;
				CODE_SIGN_IDENTITY = "iPhone Developer";
				COPY_PHASE_STRIP = NO;
				DEBUG_INFORMATION_FORMAT = "dwarf-with-dsym";
				ENABLE_NS_ASSERTIONS = NO;
				ENABLE_STRICT_OBJC_MSGSEND = YES;
				GCC_C_LANGUAGE_STANDARD = gnu11;
				GCC_NO_COMMON_BLOCKS = YES;
				GCC_WARN_64_TO_32_BIT_CONVERSION = YES;
				GCC_WARN_ABOUT_RETURN_TYPE = YES_ERROR;
				GCC_WARN_UNDECLARED_SELECTOR = YES;
				GCC_WARN_UNINITIALIZED_AUTOS = YES_AGGRESSIVE;
				GCC_WARN_UNUSED_FUNCTION = YES;
				GCC_WARN_UNUSED_VARIABLE = YES;
				IPHONEOS_DEPLOYMENT_TARGET = 12.1;
				MTL_ENABLE_DEBUG_INFO = NO;
				MTL_FAST_MATH = YES;
				SDKROOT = iphoneos;
				SWIFT_COMPILATION_MODE = wholemodule;
				SWIFT_OPTIMIZATION_LEVEL = "-O";
				SWIFT_VERSION = 4.2;
				VALIDATE_PRODUCT = YES;
			};
			name = Release;
		};
		D3DDFAF621D081910071B437 /* Debug */ = {
			isa = XCBuildConfiguration;
			baseConfigurationReference = 83E6392AB7F36F4E69E100AA /* Pods-BarHop.debug.xcconfig */;
			buildSettings = {
				ASSETCATALOG_COMPILER_APPICON_NAME = AppIcon;
				CODE_SIGN_STYLE = Automatic;
				DEVELOPMENT_TEAM = 5N982D5Y38;
				INFOPLIST_FILE = BarHop/Info.plist;
				IPHONEOS_DEPLOYMENT_TARGET = 12.0;
				LD_RUNPATH_SEARCH_PATHS = (
					"$(inherited)",
					"@executable_path/Frameworks",
				);
				PRODUCT_BUNDLE_IDENTIFIER = com.ScottMacpherson.BarHop;
				PRODUCT_NAME = "$(TARGET_NAME)";
				SWIFT_VERSION = 5.0;
				TARGETED_DEVICE_FAMILY = 1;
			};
			name = Debug;
		};
		D3DDFAF721D081910071B437 /* Release */ = {
			isa = XCBuildConfiguration;
			baseConfigurationReference = CE04E9D2B68AE6C9FAA3D31A /* Pods-BarHop.release.xcconfig */;
			buildSettings = {
				ASSETCATALOG_COMPILER_APPICON_NAME = AppIcon;
				CODE_SIGN_STYLE = Automatic;
				DEVELOPMENT_TEAM = 5N982D5Y38;
				INFOPLIST_FILE = BarHop/Info.plist;
				IPHONEOS_DEPLOYMENT_TARGET = 12.0;
				LD_RUNPATH_SEARCH_PATHS = (
					"$(inherited)",
					"@executable_path/Frameworks",
				);
				PRODUCT_BUNDLE_IDENTIFIER = com.ScottMacpherson.BarHop;
				PRODUCT_NAME = "$(TARGET_NAME)";
				SWIFT_VERSION = 5.0;
				TARGETED_DEVICE_FAMILY = 1;
			};
			name = Release;
		};
		D3DDFAF921D081910071B437 /* Debug */ = {
			isa = XCBuildConfiguration;
			baseConfigurationReference = C67E0742891493879B60DACB /* Pods-BarHopTests.debug.xcconfig */;
			buildSettings = {
				ALWAYS_EMBED_SWIFT_STANDARD_LIBRARIES = YES;
				BUNDLE_LOADER = "$(TEST_HOST)";
				CODE_SIGN_STYLE = Automatic;
				INFOPLIST_FILE = BarHopTests/Info.plist;
				LD_RUNPATH_SEARCH_PATHS = (
					"$(inherited)",
					"@executable_path/Frameworks",
					"@loader_path/Frameworks",
				);
				PRODUCT_BUNDLE_IDENTIFIER = com.ScottMacpherson.BarHopTests;
				PRODUCT_NAME = "$(TARGET_NAME)";
				SWIFT_VERSION = 5.0;
				TARGETED_DEVICE_FAMILY = "1,2";
				TEST_HOST = "$(BUILT_PRODUCTS_DIR)/BarHop.app/BarHop";
			};
			name = Debug;
		};
		D3DDFAFA21D081910071B437 /* Release */ = {
			isa = XCBuildConfiguration;
			baseConfigurationReference = DF2BE2DC489633825EDDF698 /* Pods-BarHopTests.release.xcconfig */;
			buildSettings = {
				ALWAYS_EMBED_SWIFT_STANDARD_LIBRARIES = YES;
				BUNDLE_LOADER = "$(TEST_HOST)";
				CODE_SIGN_STYLE = Automatic;
				INFOPLIST_FILE = BarHopTests/Info.plist;
				LD_RUNPATH_SEARCH_PATHS = (
					"$(inherited)",
					"@executable_path/Frameworks",
					"@loader_path/Frameworks",
				);
				PRODUCT_BUNDLE_IDENTIFIER = com.ScottMacpherson.BarHopTests;
				PRODUCT_NAME = "$(TARGET_NAME)";
				SWIFT_VERSION = 5.0;
				TARGETED_DEVICE_FAMILY = "1,2";
				TEST_HOST = "$(BUILT_PRODUCTS_DIR)/BarHop.app/BarHop";
			};
			name = Release;
		};
		D3DDFAFC21D081910071B437 /* Debug */ = {
			isa = XCBuildConfiguration;
			baseConfigurationReference = BACC7E0B876795EF4FEF91B3 /* Pods-BarHopUITests.debug.xcconfig */;
			buildSettings = {
				ALWAYS_EMBED_SWIFT_STANDARD_LIBRARIES = YES;
				CODE_SIGN_STYLE = Automatic;
				INFOPLIST_FILE = BarHopUITests/Info.plist;
				LD_RUNPATH_SEARCH_PATHS = (
					"$(inherited)",
					"@executable_path/Frameworks",
					"@loader_path/Frameworks",
				);
				PRODUCT_BUNDLE_IDENTIFIER = com.ScottMacpherson.BarHopUITests;
				PRODUCT_NAME = "$(TARGET_NAME)";
				SWIFT_VERSION = 5.0;
				TARGETED_DEVICE_FAMILY = "1,2";
				TEST_TARGET_NAME = BarHop;
			};
			name = Debug;
		};
		D3DDFAFD21D081910071B437 /* Release */ = {
			isa = XCBuildConfiguration;
			baseConfigurationReference = BA278A557AA837A2F0DC83C3 /* Pods-BarHopUITests.release.xcconfig */;
			buildSettings = {
				ALWAYS_EMBED_SWIFT_STANDARD_LIBRARIES = YES;
				CODE_SIGN_STYLE = Automatic;
				INFOPLIST_FILE = BarHopUITests/Info.plist;
				LD_RUNPATH_SEARCH_PATHS = (
					"$(inherited)",
					"@executable_path/Frameworks",
					"@loader_path/Frameworks",
				);
				PRODUCT_BUNDLE_IDENTIFIER = com.ScottMacpherson.BarHopUITests;
				PRODUCT_NAME = "$(TARGET_NAME)";
				SWIFT_VERSION = 5.0;
				TARGETED_DEVICE_FAMILY = "1,2";
				TEST_TARGET_NAME = BarHop;
			};
			name = Release;
		};
/* End XCBuildConfiguration section */

/* Begin XCConfigurationList section */
		D3DDFAC821D0818F0071B437 /* Build configuration list for PBXProject "BarHop" */ = {
			isa = XCConfigurationList;
			buildConfigurations = (
				D3DDFAF321D081910071B437 /* Debug */,
				D3DDFAF421D081910071B437 /* Release */,
			);
			defaultConfigurationIsVisible = 0;
			defaultConfigurationName = Release;
		};
		D3DDFAF521D081910071B437 /* Build configuration list for PBXNativeTarget "BarHop" */ = {
			isa = XCConfigurationList;
			buildConfigurations = (
				D3DDFAF621D081910071B437 /* Debug */,
				D3DDFAF721D081910071B437 /* Release */,
			);
			defaultConfigurationIsVisible = 0;
			defaultConfigurationName = Release;
		};
		D3DDFAF821D081910071B437 /* Build configuration list for PBXNativeTarget "BarHopTests" */ = {
			isa = XCConfigurationList;
			buildConfigurations = (
				D3DDFAF921D081910071B437 /* Debug */,
				D3DDFAFA21D081910071B437 /* Release */,
			);
			defaultConfigurationIsVisible = 0;
			defaultConfigurationName = Release;
		};
		D3DDFAFB21D081910071B437 /* Build configuration list for PBXNativeTarget "BarHopUITests" */ = {
			isa = XCConfigurationList;
			buildConfigurations = (
				D3DDFAFC21D081910071B437 /* Debug */,
				D3DDFAFD21D081910071B437 /* Release */,
			);
			defaultConfigurationIsVisible = 0;
			defaultConfigurationName = Release;
		};
/* End XCConfigurationList section */
	};
	rootObject = D3DDFAC521D0818F0071B437 /* Project object */;
}
